
Microsoft Visual Studio Solution File, Format Version 12.00
# Visual Studio Version 16
VisualStudioVersion = 16.0.31624.102
MinimumVisualStudioVersion = 10.0.40219.1
Project("{FAE04EC0-301F-11D3-BF4B-00C04F79EFBC}") = "ZeeSharpUtils", "ZeeSharpUtils\ZeeSharpUtils.csproj", "{849829BB-B9E1-4750-A1B7-7F69A64D0F14}"
EndProject
Project("{FAE04EC0-301F-11D3-BF4B-00C04F79EFBC}") = "JsonPatcher", "JsonPatcher\JsonPatcher.csproj", "{44E7F104-831C-4D40-9366-BD06AAE38A17}"
EndProject
Project("{FAE04EC0-301F-11D3-BF4B-00C04F79EFBC}") = "TextPatcher", "TextPatcher\TextPatcher.csproj", "{ACE1F82F-8B09-48CB-AF5C-030647D832B0}"
EndProject
Project("{FAE04EC0-301F-11D3-BF4B-00C04F79EFBC}") = "ZLibPacker", "ZLibPacker\ZLibPacker.csproj", "{D84A4094-0DA6-4E08-B3AD-23D02A72368E}"
EndProject
Project("{9A19103F-16F7-4668-BE54-9A1E7A4F7556}") = "ZqfInfluenceMap", "InfluenceMap\ZqfInfluenceMap.csproj", "{8E4378AB-F48C-415D-A1B8-9A9B13A125DE}"
EndProject
Project("{9A19103F-16F7-4668-BE54-9A1E7A4F7556}") = "ZStats", "ZStats\ZStats.csproj", "{5C3E6A1C-D5A3-45D2-AA64-53A409FA1866}"
EndProject
Global
	GlobalSection(SolutionConfigurationPlatforms) = preSolution
		Debug|Any CPU = Debug|Any CPU
		Release|Any CPU = Release|Any CPU
	EndGlobalSection
	GlobalSection(ProjectConfigurationPlatforms) = postSolution
		{849829BB-B9E1-4750-A1B7-7F69A64D0F14}.Debug|Any CPU.ActiveCfg = Debug|Any CPU
		{849829BB-B9E1-4750-A1B7-7F69A64D0F14}.Debug|Any CPU.Build.0 = Debug|Any CPU
		{849829BB-B9E1-4750-A1B7-7F69A64D0F14}.Release|Any CPU.ActiveCfg = Release|Any CPU
		{849829BB-B9E1-4750-A1B7-7F69A64D0F14}.Release|Any CPU.Build.0 = Release|Any CPU
		{44E7F104-831C-4D40-9366-BD06AAE38A17}.Debug|Any CPU.ActiveCfg = Debug|Any CPU
		{44E7F104-831C-4D40-9366-BD06AAE38A17}.Debug|Any CPU.Build.0 = Debug|Any CPU
		{44E7F104-831C-4D40-9366-BD06AAE38A17}.Release|Any CPU.ActiveCfg = Release|Any CPU
		{44E7F104-831C-4D40-9366-BD06AAE38A17}.Release|Any CPU.Build.0 = Release|Any CPU
		{ACE1F82F-8B09-48CB-AF5C-030647D832B0}.Debug|Any CPU.ActiveCfg = Debug|Any CPU
		{ACE1F82F-8B09-48CB-AF5C-030647D832B0}.Debug|Any CPU.Build.0 = Debug|Any CPU
		{ACE1F82F-8B09-48CB-AF5C-030647D832B0}.Release|Any CPU.ActiveCfg = Release|Any CPU
		{ACE1F82F-8B09-48CB-AF5C-030647D832B0}.Release|Any CPU.Build.0 = Release|Any CPU
		{D84A4094-0DA6-4E08-B3AD-23D02A72368E}.Debug|Any CPU.ActiveCfg = Debug|Any CPU
		{D84A4094-0DA6-4E08-B3AD-23D02A72368E}.Debug|Any CPU.Build.0 = Debug|Any CPU
		{D84A4094-0DA6-4E08-B3AD-23D02A72368E}.Release|Any CPU.ActiveCfg = Release|Any CPU
		{D84A4094-0DA6-4E08-B3AD-23D02A72368E}.Release|Any CPU.Build.0 = Release|Any CPU
		{8E4378AB-F48C-415D-A1B8-9A9B13A125DE}.Debug|Any CPU.ActiveCfg = Debug|Any CPU
		{8E4378AB-F48C-415D-A1B8-9A9B13A125DE}.Debug|Any CPU.Build.0 = Debug|Any CPU
		{8E4378AB-F48C-415D-A1B8-9A9B13A125DE}.Release|Any CPU.ActiveCfg = Release|Any CPU
		{8E4378AB-F48C-415D-A1B8-9A9B13A125DE}.Release|Any CPU.Build.0 = Release|Any CPU
		{5C3E6A1C-D5A3-45D2-AA64-53A409FA1866}.Debug|Any CPU.ActiveCfg = Debug|Any CPU
		{5C3E6A1C-D5A3-45D2-AA64-53A409FA1866}.Debug|Any CPU.Build.0 = Debug|Any CPU
		{5C3E6A1C-D5A3-45D2-AA64-53A409FA1866}.Release|Any CPU.ActiveCfg = Release|Any CPU
		{5C3E6A1C-D5A3-45D2-AA64-53A409FA1866}.Release|Any CPU.Build.0 = Release|Any CPU
	EndGlobalSection
	GlobalSection(SolutionProperties) = preSolution
		HideSolutionNode = FALSE
	EndGlobalSection
	GlobalSection(ExtensibilityGlobals) = postSolution
		SolutionGuid = {22C9DB92-A3EF-4125-A59E-DF0BF7B4F487}
	EndGlobalSection
EndGlobal
