
Microsoft Visual Studio Solution File, Format Version 12.00
# Visual Studio 15
VisualStudioVersion = 15.0.27428.2043
MinimumVisualStudioVersion = 10.0.40219.1
Project("{FAE04EC0-301F-11D3-BF4B-00C04F79EFBC}") = "ZeeSharpUtils", "ZeeSharpUtils\ZeeSharpUtils.csproj", "{849829BB-B9E1-4750-A1B7-7F69A64D0F14}"
EndProject
Project("{FAE04EC0-301F-11D3-BF4B-00C04F79EFBC}") = "JsonPatcher", "JsonPatcher\JsonPatcher.csproj", "{44E7F104-831C-4D40-9366-BD06AAE38A17}"
EndProject
Project("{FAE04EC0-301F-11D3-BF4B-00C04F79EFBC}") = "TextPatcher", "TextPatcher\TextPatcher.csproj", "{ACE1F82F-8B09-48CB-AF5C-030647D832B0}"
EndProject
Global
	GlobalSection(SolutionConfigurationPlatforms) = preSolution
		Debug|Any CPU = Debug|Any CPU
		Release|Any CPU = Release|Any CPU
	EndGlobalSection
	GlobalSection(ProjectConfigurationPlatforms) = postSolution
		{849829BB-B9E1-4750-A1B7-7F69A64D0F14}.Debug|Any CPU.ActiveCfg = Debug|Any CPU
		{849829BB-B9E1-4750-A1B7-7F69A64D0F14}.Debug|Any CPU.Build.0 = Debug|Any CPU
		{849829BB-B9E1-4750-A1B7-7F69A64D0F14}.Release|Any CPU.ActiveCfg = Release|Any CPU
		{849829BB-B9E1-4750-A1B7-7F69A64D0F14}.Release|Any CPU.Build.0 = Release|Any CPU
		{44E7F104-831C-4D40-9366-BD06AAE38A17}.Debug|Any CPU.ActiveCfg = Debug|Any CPU
		{44E7F104-831C-4D40-9366-BD06AAE38A17}.Debug|Any CPU.Build.0 = Debug|Any CPU
		{44E7F104-831C-4D40-9366-BD06AAE38A17}.Release|Any CPU.ActiveCfg = Release|Any CPU
		{44E7F104-831C-4D40-9366-BD06AAE38A17}.Release|Any CPU.Build.0 = Release|Any CPU
		{ACE1F82F-8B09-48CB-AF5C-030647D832B0}.Debug|Any CPU.ActiveCfg = Debug|Any CPU
		{ACE1F82F-8B09-48CB-AF5C-030647D832B0}.Debug|Any CPU.Build.0 = Debug|Any CPU
		{ACE1F82F-8B09-48CB-AF5C-030647D832B0}.Release|Any CPU.ActiveCfg = Release|Any CPU
		{ACE1F82F-8B09-48CB-AF5C-030647D832B0}.Release|Any CPU.Build.0 = Release|Any CPU
	EndGlobalSection
	GlobalSection(SolutionProperties) = preSolution
		HideSolutionNode = FALSE
	EndGlobalSection
	GlobalSection(ExtensibilityGlobals) = postSolution
		SolutionGuid = {22C9DB92-A3EF-4125-A59E-DF0BF7B4F487}
	EndGlobalSection
EndGlobal
